
Microsoft Visual Studio Solution File, Format Version 12.00
# Visual Studio Version 17
VisualStudioVersion = 17.0.31903.59
MinimumVisualStudioVersion = 10.0.40219.1
Project("{FAE04EC0-301F-11D3-BF4B-00C04F79EFBC}") = "AreaLib", "AreaLib\AreaLib.csproj", "{39998043-55B0-46D1-B6F4-5A6C63AFF111}"
EndProject
Project("{FAE04EC0-301F-11D3-BF4B-00C04F79EFBC}") = "ExampleOfUsing", "ExampleOfUsing\ExampleOfUsing.csproj", "{DF0D9DA2-1230-4F24-8E85-8FA501F543A2}"
EndProject
Project("{FAE04EC0-301F-11D3-BF4B-00C04F79EFBC}") = "AreaLib.Tests", "AreaLib.Tests\AreaLib.Tests.csproj", "{DEECB6F9-9E74-4793-87E3-B77475CECBDD}"
EndProject
Global
	GlobalSection(SolutionConfigurationPlatforms) = preSolution
		Debug|Any CPU = Debug|Any CPU
		Release|Any CPU = Release|Any CPU
	EndGlobalSection
	GlobalSection(SolutionProperties) = preSolution
		HideSolutionNode = FALSE
	EndGlobalSection
	GlobalSection(ProjectConfigurationPlatforms) = postSolution
		{39998043-55B0-46D1-B6F4-5A6C63AFF111}.Debug|Any CPU.ActiveCfg = Debug|Any CPU
		{39998043-55B0-46D1-B6F4-5A6C63AFF111}.Debug|Any CPU.Build.0 = Debug|Any CPU
		{39998043-55B0-46D1-B6F4-5A6C63AFF111}.Release|Any CPU.ActiveCfg = Release|Any CPU
		{39998043-55B0-46D1-B6F4-5A6C63AFF111}.Release|Any CPU.Build.0 = Release|Any CPU
		{DF0D9DA2-1230-4F24-8E85-8FA501F543A2}.Debug|Any CPU.ActiveCfg = Debug|Any CPU
		{DF0D9DA2-1230-4F24-8E85-8FA501F543A2}.Debug|Any CPU.Build.0 = Debug|Any CPU
		{DF0D9DA2-1230-4F24-8E85-8FA501F543A2}.Release|Any CPU.ActiveCfg = Release|Any CPU
		{DF0D9DA2-1230-4F24-8E85-8FA501F543A2}.Release|Any CPU.Build.0 = Release|Any CPU
		{DEECB6F9-9E74-4793-87E3-B77475CECBDD}.Debug|Any CPU.ActiveCfg = Debug|Any CPU
		{DEECB6F9-9E74-4793-87E3-B77475CECBDD}.Debug|Any CPU.Build.0 = Debug|Any CPU
		{DEECB6F9-9E74-4793-87E3-B77475CECBDD}.Release|Any CPU.ActiveCfg = Release|Any CPU
		{DEECB6F9-9E74-4793-87E3-B77475CECBDD}.Release|Any CPU.Build.0 = Release|Any CPU
	EndGlobalSection
EndGlobal
